
Microsoft Visual Studio Solution File, Format Version 12.00
# Visual Studio Version 16
VisualStudioVersion = 16.0.32106.194
MinimumVisualStudioVersion = 10.0.40219.1
Project("{FAE04EC0-301F-11D3-BF4B-00C04F79EFBC}") = "MoodAnalyzer_Reflection", "MoodAnalyzer_Reflection.csproj", "{B8F94064-99C0-4AB5-80D1-13A5831D6C52}"
EndProject
Global
	GlobalSection(SolutionConfigurationPlatforms) = preSolution
		Debug|Any CPU = Debug|Any CPU
		Release|Any CPU = Release|Any CPU
	EndGlobalSection
	GlobalSection(ProjectConfigurationPlatforms) = postSolution
		{B8F94064-99C0-4AB5-80D1-13A5831D6C52}.Debug|Any CPU.ActiveCfg = Debug|Any CPU
		{B8F94064-99C0-4AB5-80D1-13A5831D6C52}.Debug|Any CPU.Build.0 = Debug|Any CPU
		{B8F94064-99C0-4AB5-80D1-13A5831D6C52}.Release|Any CPU.ActiveCfg = Release|Any CPU
		{B8F94064-99C0-4AB5-80D1-13A5831D6C52}.Release|Any CPU.Build.0 = Release|Any CPU
	EndGlobalSection
	GlobalSection(SolutionProperties) = preSolution
		HideSolutionNode = FALSE
	EndGlobalSection
	GlobalSection(ExtensibilityGlobals) = postSolution
		SolutionGuid = {3FB41B54-31F6-489F-A0AE-97160EC7BFC7}
	EndGlobalSection
EndGlobal
